# This file is automatically @generated by Cargo.
# It is not intended for manual editing.
version = 4

[[package]]
name = "arrayvec"
version = "0.7.8"
source = "registry+https://github.com/rust-lang/crates.io-index"
checksum = "d3fb67a6e08acf24fdeccbac2cb6ac4305825bd1f117462e0e6f2f193345ad56"

[[package]]
name = "autocfg"
version = "1.5.1"
source = "registry+https://github.com/rust-lang/crates.io-index"
checksum = "f2032f911046de80f0a198e0901378627c33f59ea0ac00e363d481118bd70a53"

[[package]]
name = "num-traits"
version = "0.2.19"
source = "registry+https://github.com/rust-lang/crates.io-index"
checksum = "071dfc062690e90b734c0b2273ce72ad0ffa95f0c74596bc250dcfd960262841"
dependencies = [
 "autocfg",
]

[[package]]
name = "rust_decimal"
version = "1.43.0"
source = "registry+https://github.com/rust-lang/crates.io-index"
checksum = "7653272e75dcac41dc199fbea6f5797633994fafd339943c06c9af16bf29cd3a"
dependencies = [
 "arrayvec",
 "num-traits",
]

[[package]]
name = "rusty-money"
version = "0.5.0"
dependencies = [
 "rust_decimal",
]

[[package]]
name = "rusty-money-verification"
version = "0.1.0"
dependencies = [
 "rust_decimal",
 "rusty-money",
]
